
Microsoft Visual Studio Solution File, Format Version 12.00
# Visual Studio 15
VisualStudioVersion = 15.0.28307.168
MinimumVisualStudioVersion = 10.0.40219.1
Project("{FAE04EC0-301F-11D3-BF4B-00C04F79EFBC}") = "gk3", "gk3.csproj", "{81EBBFA5-D4F1-4DD0-BD0B-8A2CC833595E}"
EndProject
Global
	GlobalSection(SolutionConfigurationPlatforms) = preSolution
		Debug|Any CPU = Debug|Any CPU
		Release|Any CPU = Release|Any CPU
	EndGlobalSection
	GlobalSection(ProjectConfigurationPlatforms) = postSolution
		{81EBBFA5-D4F1-4DD0-BD0B-8A2CC833595E}.Debug|Any CPU.ActiveCfg = Debug|Any CPU
		{81EBBFA5-D4F1-4DD0-BD0B-8A2CC833595E}.Debug|Any CPU.Build.0 = Debug|Any CPU
		{81EBBFA5-D4F1-4DD0-BD0B-8A2CC833595E}.Release|Any CPU.ActiveCfg = Release|Any CPU
		{81EBBFA5-D4F1-4DD0-BD0B-8A2CC833595E}.Release|Any CPU.Build.0 = Release|Any CPU
	EndGlobalSection
	GlobalSection(SolutionProperties) = preSolution
		HideSolutionNode = FALSE
	EndGlobalSection
	GlobalSection(ExtensibilityGlobals) = postSolution
		SolutionGuid = {0871E017-1BA3-490B-9BF4-8A74A9EA3E64}
	EndGlobalSection
EndGlobal
